
Microsoft Visual Studio Solution File, Format Version 12.00
# Visual Studio Version 16
VisualStudioVersion = 16.0.31702.278
MinimumVisualStudioVersion = 10.0.40219.1
Project("{FAE04EC0-301F-11D3-BF4B-00C04F79EFBC}") = "Calculadora 2", "Calculadora 2\Calculadora 2.csproj", "{EDFCD407-EF8A-4973-B119-BDE339E6F24B}"
EndProject
Global
	GlobalSection(SolutionConfigurationPlatforms) = preSolution
		Debug|Any CPU = Debug|Any CPU
		Release|Any CPU = Release|Any CPU
	EndGlobalSection
	GlobalSection(ProjectConfigurationPlatforms) = postSolution
		{EDFCD407-EF8A-4973-B119-BDE339E6F24B}.Debug|Any CPU.ActiveCfg = Debug|Any CPU
		{EDFCD407-EF8A-4973-B119-BDE339E6F24B}.Debug|Any CPU.Build.0 = Debug|Any CPU
		{EDFCD407-EF8A-4973-B119-BDE339E6F24B}.Release|Any CPU.ActiveCfg = Release|Any CPU
		{EDFCD407-EF8A-4973-B119-BDE339E6F24B}.Release|Any CPU.Build.0 = Release|Any CPU
	EndGlobalSection
	GlobalSection(SolutionProperties) = preSolution
		HideSolutionNode = FALSE
	EndGlobalSection
	GlobalSection(ExtensibilityGlobals) = postSolution
		SolutionGuid = {5E21068A-27C1-46E9-9646-A156DD3ACE80}
	EndGlobalSection
EndGlobal
